{
  "lockfile_version": "1",
  "packages": {
    "gh@latest": {
      "last_modified": "2026-07-03T16:41:56Z",
      "resolved": "github:NixOS/nixpkgs/0c190cd98e1f30cdbeff0ca149b2b17564a4a30e#gh",
      "source": "devbox-search",
      "version": "2.96.0",
      "systems": {
        "aarch64-darwin": {
          "outputs": [
            {
              "name": "out",
              "path": "/nix/store/0370cakz5b3yf6dlr2r75ybxsrjpp5k3-gh-2.96.0",
              "default": true
            }
          ],
          "store_path": "/nix/store/0370cakz5b3yf6dlr2r75ybxsrjpp5k3-gh-2.96.0"
        },
        "aarch64-linux": {
          "outputs": [
            {
              "name": "out",
              "path": "/nix/store/nkm00gpkyg9dqlisnxffwjk647r4q81s-gh-2.96.0",
              "default": true
            }
          ],
          "store_path": "/nix/store/nkm00gpkyg9dqlisnxffwjk647r4q81s-gh-2.96.0"
        },
        "x86_64-darwin": {
          "outputs": [
            {
              "name": "out",
              "path": "/nix/store/waa7fl1d466lkihg89p60iisjwynyfb7-gh-2.96.0",
              "default": true
            }
          ],
          "store_path": "/nix/store/waa7fl1d466lkihg89p60iisjwynyfb7-gh-2.96.0"
        },
        "x86_64-linux": {
          "outputs": [
            {
              "name": "out",
              "path": "/nix/store/zmby710xkfnzpq1wq3zxgp044724zwwb-gh-2.96.0",
              "default": true
            }
          ],
          "store_path": "/nix/store/zmby710xkfnzpq1wq3zxgp044724zwwb-gh-2.96.0"
        }
      }
    },
    "github:NixOS/nixpkgs/nixpkgs-unstable": {
      "last_modified": "2025-04-10T20:20:34Z",
      "resolved": "github:NixOS/nixpkgs/d19cf9dfc633816a437204555afeb9e722386b76?lastModified=1744316434&narHash=sha256-lzFCg%2F1C39pyY2hMB2gcuHV79ozpOz%2FVu15hdjiFOfI%3D"
    },
    "jdk@17": {
      "last_modified": "2025-03-23T05:31:05Z",
      "resolved": "github:NixOS/nixpkgs/dd613136ee91f67e5dba3f3f41ac99ae89c5406b#jdk17",
      "source": "devbox-search",
      "version": "17.0.12",
      "systems": {
        "aarch64-darwin": {
          "outputs": [
            {
              "name": "out",
              "path": "/nix/store/nz6ihzifr8ml3lyp46knzgscrc2p06r4-zulu-ca-jdk-17.0.12",
              "default": true
            }
          ],
          "store_path": "/nix/store/nz6ihzifr8ml3lyp46knzgscrc2p06r4-zulu-ca-jdk-17.0.12"
        },
        "x86_64-darwin": {
          "outputs": [
            {
              "name": "out",
              "path": "/nix/store/n2f8g5mxkp7f8n0rcmd6qp9pv98szhpy-zulu-ca-jdk-17.0.12",
              "default": true
            }
          ],
          "store_path": "/nix/store/n2f8g5mxkp7f8n0rcmd6qp9pv98szhpy-zulu-ca-jdk-17.0.12"
        }
      }
    }
  }
}
